
Microsoft Visual Studio Solution File, Format Version 11.00
# Visual Studio 2010
Project("{FAE04EC0-301F-11D3-BF4B-00C04F79EFBC}") = "ExploreCRM", "ExploreCRM\ExploreCRM.csproj", "{6F38CE3B-F662-45D6-8ABA-648AA314752B}"
EndProject
Global
	GlobalSection(SolutionConfigurationPlatforms) = preSolution
		Debug|x86 = Debug|x86
		Release|x86 = Release|x86
	EndGlobalSection
	GlobalSection(ProjectConfigurationPlatforms) = postSolution
		{6F38CE3B-F662-45D6-8ABA-648AA314752B}.Debug|x86.ActiveCfg = Debug|x86
		{6F38CE3B-F662-45D6-8ABA-648AA314752B}.Debug|x86.Build.0 = Debug|x86
		{6F38CE3B-F662-45D6-8ABA-648AA314752B}.Release|x86.ActiveCfg = Release|x86
		{6F38CE3B-F662-45D6-8ABA-648AA314752B}.Release|x86.Build.0 = Release|x86
	EndGlobalSection
	GlobalSection(SolutionProperties) = preSolution
		HideSolutionNode = FALSE
	EndGlobalSection
EndGlobal
